// !$*UTF8*$!
{
	archiveVersion = 1;
	classes = {
	};
	objectVersion = 56;
	objects = {

/* Begin PBXBuildFile section */
		E232D3E02ACF5CB0000E67C4 /* Alamofire in Frameworks */ = {isa = PBXBuildFile; productRef = E232D3DF2ACF5CB0000E67C4 /* Alamofire */; };
		E232D3E22ACF612C000E67C4 /* YourChatsViewController.swift in Sources */ = {isa = PBXBuildFile; fileRef = E232D3E12ACF612C000E67C4 /* YourChatsViewController.swift */; };
		E232D3F82ACF6AD2000E67C4 /* CoreDataStack.swift in Sources */ = {isa = PBXBuildFile; fileRef = E232D3F72ACF6AD2000E67C4 /* CoreDataStack.swift */; };
		E295AFA02ACF4FDD003C20B1 /* SenderType.swift in Sources */ = {isa = PBXBuildFile; fileRef = E295AF9F2ACF4FDD003C20B1 /* SenderType.swift */; };
		E2D7A0422ACF024A00F930B6 /* AppDelegate.swift in Sources */ = {isa = PBXBuildFile; fileRef = E2D7A0412ACF024A00F930B6 /* AppDelegate.swift */; };
		E2D7A0442ACF024A00F930B6 /* SceneDelegate.swift in Sources */ = {isa = PBXBuildFile; fileRef = E2D7A0432ACF024A00F930B6 /* SceneDelegate.swift */; };
		E2D7A0462ACF024A00F930B6 /* ChatViewController.swift in Sources */ = {isa = PBXBuildFile; fileRef = E2D7A0452ACF024A00F930B6 /* ChatViewController.swift */; };
		E2D7A0492ACF024A00F930B6 /* Main.storyboard in Resources */ = {isa = PBXBuildFile; fileRef = E2D7A0472ACF024A00F930B6 /* Main.storyboard */; };
		E2D7A04C2ACF024A00F930B6 /* chatbot.xcdatamodeld in Sources */ = {isa = PBXBuildFile; fileRef = E2D7A04A2ACF024A00F930B6 /* chatbot.xcdatamodeld */; };
		E2D7A04E2ACF024C00F930B6 /* Assets.xcassets in Resources */ = {isa = PBXBuildFile; fileRef = E2D7A04D2ACF024C00F930B6 /* Assets.xcassets */; };
		E2D7A0512ACF024C00F930B6 /* LaunchScreen.storyboard in Resources */ = {isa = PBXBuildFile; fileRef = E2D7A04F2ACF024C00F930B6 /* LaunchScreen.storyboard */; };
		E2D7A05B2ACF35A700F930B6 /* ChatMessage.swift in Sources */ = {isa = PBXBuildFile; fileRef = E2D7A05A2ACF35A700F930B6 /* ChatMessage.swift */; };
		E2D7A05D2ACF35C600F930B6 /* APIClient.swift in Sources */ = {isa = PBXBuildFile; fileRef = E2D7A05C2ACF35C600F930B6 /* APIClient.swift */; };
		E2D7A0622ACF35FD00F930B6 /* ChatMessageCell.swift in Sources */ = {isa = PBXBuildFile; fileRef = E2D7A0602ACF35FD00F930B6 /* ChatMessageCell.swift */; };
		E2D7A0632ACF35FD00F930B6 /* ChatMessageCell.xib in Resources */ = {isa = PBXBuildFile; fileRef = E2D7A0612ACF35FD00F930B6 /* ChatMessageCell.xib */; };
		E2D7A0682ACF3B8900F930B6 /* UITableView.swift in Sources */ = {isa = PBXBuildFile; fileRef = E2D7A0672ACF3B8900F930B6 /* UITableView.swift */; };
		E2E102E22AD07028008545B9 /* DotEnv in Frameworks */ = {isa = PBXBuildFile; productRef = E2E102E12AD07028008545B9 /* DotEnv */; };
		E2E102E42AD07136008545B9 /* .env in Resources */ = {isa = PBXBuildFile; fileRef = E2E102E32AD07136008545B9 /* .env */; };
		E2E102E62AD0740E008545B9 /* ResponseModel.swift in Sources */ = {isa = PBXBuildFile; fileRef = E2E102E52AD0740E008545B9 /* ResponseModel.swift */; };
		E2E102E82AD078E4008545B9 /* ChatManager.swift in Sources */ = {isa = PBXBuildFile; fileRef = E2E102E72AD078E4008545B9 /* ChatManager.swift */; };
		E2E76B2C2ACF704B007EFBF0 /* Chat+CoreDataClass.swift in Sources */ = {isa = PBXBuildFile; fileRef = E2E76B2A2ACF704B007EFBF0 /* Chat+CoreDataClass.swift */; };
		E2E76B2D2ACF704B007EFBF0 /* Chat+CoreDataProperties.swift in Sources */ = {isa = PBXBuildFile; fileRef = E2E76B2B2ACF704B007EFBF0 /* Chat+CoreDataProperties.swift */; };
		E2E76B2F2ACF743B007EFBF0 /* UIViewController+Navigations.swift in Sources */ = {isa = PBXBuildFile; fileRef = E2E76B2E2ACF743B007EFBF0 /* UIViewController+Navigations.swift */; };
		E2E76B3A2ACF7659007EFBF0 /* Message+CoreDataClass.swift in Sources */ = {isa = PBXBuildFile; fileRef = E2E76B382ACF7659007EFBF0 /* Message+CoreDataClass.swift */; };
		E2E76B3B2ACF7659007EFBF0 /* Message+CoreDataProperties.swift in Sources */ = {isa = PBXBuildFile; fileRef = E2E76B392ACF7659007EFBF0 /* Message+CoreDataProperties.swift */; };
/* End PBXBuildFile section */

/* Begin PBXFileReference section */
		E232D3E12ACF612C000E67C4 /* YourChatsViewController.swift */ = {isa = PBXFileReference; lastKnownFileType = sourcecode.swift; path = YourChatsViewController.swift; sourceTree = "<group>"; };
		E232D3F72ACF6AD2000E67C4 /* CoreDataStack.swift */ = {isa = PBXFileReference; lastKnownFileType = sourcecode.swift; path = CoreDataStack.swift; sourceTree = "<group>"; };
		E295AF9F2ACF4FDD003C20B1 /* SenderType.swift */ = {isa = PBXFileReference; lastKnownFileType = sourcecode.swift; path = SenderType.swift; sourceTree = "<group>"; };
		E2D7A03E2ACF024A00F930B6 /* chatbot.app */ = {isa = PBXFileReference; explicitFileType = wrapper.application; includeInIndex = 0; path = chatbot.app; sourceTree = BUILT_PRODUCTS_DIR; };
		E2D7A0412ACF024A00F930B6 /* AppDelegate.swift */ = {isa = PBXFileReference; lastKnownFileType = sourcecode.swift; path = AppDelegate.swift; sourceTree = "<group>"; };
		E2D7A0432ACF024A00F930B6 /* SceneDelegate.swift */ = {isa = PBXFileReference; lastKnownFileType = sourcecode.swift; path = SceneDelegate.swift; sourceTree = "<group>"; };
		E2D7A0452ACF024A00F930B6 /* ChatViewController.swift */ = {isa = PBXFileReference; lastKnownFileType = sourcecode.swift; path = ChatViewController.swift; sourceTree = "<group>"; };
		E2D7A0482ACF024A00F930B6 /* Base */ = {isa = PBXFileReference; lastKnownFileType = file.storyboard; name = Base; path = Base.lproj/Main.storyboard; sourceTree = "<group>"; };
		E2D7A04B2ACF024A00F930B6 /* chatbot.xcdatamodel */ = {isa = PBXFileReference; lastKnownFileType = wrapper.xcdatamodel; path = chatbot.xcdatamodel; sourceTree = "<group>"; };
		E2D7A04D2ACF024C00F930B6 /* Assets.xcassets */ = {isa = PBXFileReference; lastKnownFileType = folder.assetcatalog; path = Assets.xcassets; sourceTree = "<group>"; };
		E2D7A0502ACF024C00F930B6 /* Base */ = {isa = PBXFileReference; lastKnownFileType = file.storyboard; name = Base; path = Base.lproj/LaunchScreen.storyboard; sourceTree = "<group>"; };
		E2D7A0522ACF024C00F930B6 /* Info.plist */ = {isa = PBXFileReference; lastKnownFileType = text.plist.xml; path = Info.plist; sourceTree = "<group>"; };
		E2D7A05A2ACF35A700F930B6 /* ChatMessage.swift */ = {isa = PBXFileReference; lastKnownFileType = sourcecode.swift; path = ChatMessage.swift; sourceTree = "<group>"; };
		E2D7A05C2ACF35C600F930B6 /* APIClient.swift */ = {isa = PBXFileReference; lastKnownFileType = sourcecode.swift; path = APIClient.swift; sourceTree = "<group>"; };
		E2D7A0602ACF35FD00F930B6 /* ChatMessageCell.swift */ = {isa = PBXFileReference; lastKnownFileType = sourcecode.swift; path = ChatMessageCell.swift; sourceTree = "<group>"; };
		E2D7A0612ACF35FD00F930B6 /* ChatMessageCell.xib */ = {isa = PBXFileReference; lastKnownFileType = file.xib; path = ChatMessageCell.xib; sourceTree = "<group>"; };
		E2D7A0672ACF3B8900F930B6 /* UITableView.swift */ = {isa = PBXFileReference; lastKnownFileType = sourcecode.swift; path = UITableView.swift; sourceTree = "<group>"; };
		E2E102E32AD07136008545B9 /* .env */ = {isa = PBXFileReference; lastKnownFileType = text; path = .env; sourceTree = "<group>"; };
		E2E102E52AD0740E008545B9 /* ResponseModel.swift */ = {isa = PBXFileReference; lastKnownFileType = sourcecode.swift; path = ResponseModel.swift; sourceTree = "<group>"; };
		E2E102E72AD078E4008545B9 /* ChatManager.swift */ = {isa = PBXFileReference; lastKnownFileType = sourcecode.swift; path = ChatManager.swift; sourceTree = "<group>"; };
		E2E76B2A2ACF704B007EFBF0 /* Chat+CoreDataClass.swift */ = {isa = PBXFileReference; lastKnownFileType = sourcecode.swift; name = "Chat+CoreDataClass.swift"; path = "chatbot/Models/Chat+CoreDataClass.swift"; sourceTree = "<group>"; };
		E2E76B2B2ACF704B007EFBF0 /* Chat+CoreDataProperties.swift */ = {isa = PBXFileReference; lastKnownFileType = sourcecode.swift; name = "Chat+CoreDataProperties.swift"; path = "chatbot/Models/Chat+CoreDataProperties.swift"; sourceTree = "<group>"; };
		E2E76B2E2ACF743B007EFBF0 /* UIViewController+Navigations.swift */ = {isa = PBXFileReference; lastKnownFileType = sourcecode.swift; path = "UIViewController+Navigations.swift"; sourceTree = "<group>"; };
		E2E76B382ACF7659007EFBF0 /* Message+CoreDataClass.swift */ = {isa = PBXFileReference; lastKnownFileType = sourcecode.swift; path = "Message+CoreDataClass.swift"; sourceTree = "<group>"; };
		E2E76B392ACF7659007EFBF0 /* Message+CoreDataProperties.swift */ = {isa = PBXFileReference; lastKnownFileType = sourcecode.swift; path = "Message+CoreDataProperties.swift"; sourceTree = "<group>"; };
/* End PBXFileReference section */

/* Begin PBXFrameworksBuildPhase section */
		E2D7A03B2ACF024A00F930B6 /* Frameworks */ = {
			isa = PBXFrameworksBuildPhase;
			buildActionMask = 2147483647;
			files = (
				E2E102E22AD07028008545B9 /* DotEnv in Frameworks */,
				E232D3E02ACF5CB0000E67C4 /* Alamofire in Frameworks */,
			);
			runOnlyForDeploymentPostprocessing = 0;
		};
/* End PBXFrameworksBuildPhase section */

/* Begin PBXGroup section */
		E232D3EE2ACF6469000E67C4 /* Database */ = {
			isa = PBXGroup;
			children = (
				E232D3F72ACF6AD2000E67C4 /* CoreDataStack.swift */,
			);
			path = Database;
			sourceTree = "<group>";
		};
		E295AFA12ACF4FE2003C20B1 /* Enums */ = {
			isa = PBXGroup;
			children = (
				E295AF9F2ACF4FDD003C20B1 /* SenderType.swift */,
			);
			path = Enums;
			sourceTree = "<group>";
		};
		E2D7A0352ACF024A00F930B6 = {
			isa = PBXGroup;
			children = (
				E2E102E32AD07136008545B9 /* .env */,
				E2E76B382ACF7659007EFBF0 /* Message+CoreDataClass.swift */,
				E2E76B392ACF7659007EFBF0 /* Message+CoreDataProperties.swift */,
				E2E76B2A2ACF704B007EFBF0 /* Chat+CoreDataClass.swift */,
				E2E76B2B2ACF704B007EFBF0 /* Chat+CoreDataProperties.swift */,
				E2D7A0402ACF024A00F930B6 /* chatbot */,
				E2D7A03F2ACF024A00F930B6 /* Products */,
			);
			sourceTree = "<group>";
		};
		E2D7A03F2ACF024A00F930B6 /* Products */ = {
			isa = PBXGroup;
			children = (
				E2D7A03E2ACF024A00F930B6 /* chatbot.app */,
			);
			name = Products;
			sourceTree = "<group>";
		};
		E2D7A0402ACF024A00F930B6 /* chatbot */ = {
			isa = PBXGroup;
			children = (
				E2D7A0412ACF024A00F930B6 /* AppDelegate.swift */,
				E2D7A0432ACF024A00F930B6 /* SceneDelegate.swift */,
				E2D7A0472ACF024A00F930B6 /* Main.storyboard */,
				E2D7A04F2ACF024C00F930B6 /* LaunchScreen.storyboard */,
				E2D7A0582ACF357300F930B6 /* ViewControllers */,
				E2D7A0662ACF3B7400F930B6 /* Extensions */,
				E2E102E92AD078F1008545B9 /* Helpers */,
				E2D7A0592ACF359400F930B6 /* Models */,
				E232D3EE2ACF6469000E67C4 /* Database */,
				E2D7A05E2ACF35CA00F930B6 /* Network */,
				E295AFA12ACF4FE2003C20B1 /* Enums */,
				E2D7A05F2ACF35DF00F930B6 /* Views */,
				E2D7A0642ACF360800F930B6 /* Resources */,
				E2D7A0652ACF361500F930B6 /* Supporting Files */,
				E2D7A04A2ACF024A00F930B6 /* chatbot.xcdatamodeld */,
				E2D7A0522ACF024C00F930B6 /* Info.plist */,
			);
			path = chatbot;
			sourceTree = "<group>";
		};
		E2D7A0582ACF357300F930B6 /* ViewControllers */ = {
			isa = PBXGroup;
			children = (
				E2D7A0452ACF024A00F930B6 /* ChatViewController.swift */,
				E232D3E12ACF612C000E67C4 /* YourChatsViewController.swift */,
			);
			path = ViewControllers;
			sourceTree = "<group>";
		};
		E2D7A0592ACF359400F930B6 /* Models */ = {
			isa = PBXGroup;
			children = (
				E2D7A05A2ACF35A700F930B6 /* ChatMessage.swift */,
				E2E102E52AD0740E008545B9 /* ResponseModel.swift */,
			);
			path = Models;
			sourceTree = "<group>";
		};
		E2D7A05E2ACF35CA00F930B6 /* Network */ = {
			isa = PBXGroup;
			children = (
				E2D7A05C2ACF35C600F930B6 /* APIClient.swift */,
			);
			path = Network;
			sourceTree = "<group>";
		};
		E2D7A05F2ACF35DF00F930B6 /* Views */ = {
			isa = PBXGroup;
			children = (
				E2D7A0602ACF35FD00F930B6 /* ChatMessageCell.swift */,
				E2D7A0612ACF35FD00F930B6 /* ChatMessageCell.xib */,
			);
			path = Views;
			sourceTree = "<group>";
		};
		E2D7A0642ACF360800F930B6 /* Resources */ = {
			isa = PBXGroup;
			children = (
				E2D7A04D2ACF024C00F930B6 /* Assets.xcassets */,
			);
			path = Resources;
			sourceTree = "<group>";
		};
		E2D7A0652ACF361500F930B6 /* Supporting Files */ = {
			isa = PBXGroup;
			children = (
			);
			path = "Supporting Files";
			sourceTree = "<group>";
		};
		E2D7A0662ACF3B7400F930B6 /* Extensions */ = {
			isa = PBXGroup;
			children = (
				E2D7A0672ACF3B8900F930B6 /* UITableView.swift */,
				E2E76B2E2ACF743B007EFBF0 /* UIViewController+Navigations.swift */,
			);
			path = Extensions;
			sourceTree = "<group>";
		};
		E2E102E92AD078F1008545B9 /* Helpers */ = {
			isa = PBXGroup;
			children = (
				E2E102E72AD078E4008545B9 /* ChatManager.swift */,
			);
			path = Helpers;
			sourceTree = "<group>";
		};
/* End PBXGroup section */

/* Begin PBXNativeTarget section */
		E2D7A03D2ACF024A00F930B6 /* chatbot */ = {
			isa = PBXNativeTarget;
			buildConfigurationList = E2D7A0552ACF024C00F930B6 /* Build configuration list for PBXNativeTarget "chatbot" */;
			buildPhases = (
				E2D7A03A2ACF024A00F930B6 /* Sources */,
				E2D7A03B2ACF024A00F930B6 /* Frameworks */,
				E2D7A03C2ACF024A00F930B6 /* Resources */,
			);
			buildRules = (
			);
			dependencies = (
			);
			name = chatbot;
			packageProductDependencies = (
				E232D3DF2ACF5CB0000E67C4 /* Alamofire */,
				E2E102E12AD07028008545B9 /* DotEnv */,
			);
			productName = chatbot;
			productReference = E2D7A03E2ACF024A00F930B6 /* chatbot.app */;
			productType = "com.apple.product-type.application";
		};
/* End PBXNativeTarget section */

/* Begin PBXProject section */
		E2D7A0362ACF024A00F930B6 /* Project object */ = {
			isa = PBXProject;
			attributes = {
				BuildIndependentTargetsInParallel = 1;
				LastSwiftUpdateCheck = 1420;
				LastUpgradeCheck = 1420;
				TargetAttributes = {
					E2D7A03D2ACF024A00F930B6 = {
						CreatedOnToolsVersion = 14.2;
					};
				};
			};
			buildConfigurationList = E2D7A0392ACF024A00F930B6 /* Build configuration list for PBXProject "chatbot" */;
			compatibilityVersion = "Xcode 14.0";
			developmentRegion = en;
			hasScannedForEncodings = 0;
			knownRegions = (
				en,
				Base,
			);
			mainGroup = E2D7A0352ACF024A00F930B6;
			packageReferences = (
				E232D3DE2ACF5CB0000E67C4 /* XCRemoteSwiftPackageReference "Alamofire" */,
				E2E102E02AD07028008545B9 /* XCRemoteSwiftPackageReference "DotEnv" */,
			);
			productRefGroup = E2D7A03F2ACF024A00F930B6 /* Products */;
			projectDirPath = "";
			projectRoot = "";
			targets = (
				E2D7A03D2ACF024A00F930B6 /* chatbot */,
			);
		};
/* End PBXProject section */

/* Begin PBXResourcesBuildPhase section */
		E2D7A03C2ACF024A00F930B6 /* Resources */ = {
			isa = PBXResourcesBuildPhase;
			buildActionMask = 2147483647;
			files = (
				E2E102E42AD07136008545B9 /* .env in Resources */,
				E2D7A0512ACF024C00F930B6 /* LaunchScreen.storyboard in Resources */,
				E2D7A0632ACF35FD00F930B6 /* ChatMessageCell.xib in Resources */,
				E2D7A04E2ACF024C00F930B6 /* Assets.xcassets in Resources */,
				E2D7A0492ACF024A00F930B6 /* Main.storyboard in Resources */,
			);
			runOnlyForDeploymentPostprocessing = 0;
		};
/* End PBXResourcesBuildPhase section */

/* Begin PBXSourcesBuildPhase section */
		E2D7A03A2ACF024A00F930B6 /* Sources */ = {
			isa = PBXSourcesBuildPhase;
			buildActionMask = 2147483647;
			files = (
				E2D7A0462ACF024A00F930B6 /* ChatViewController.swift in Sources */,
				E232D3E22ACF612C000E67C4 /* YourChatsViewController.swift in Sources */,
				E2D7A04C2ACF024A00F930B6 /* chatbot.xcdatamodeld in Sources */,
				E2E102E82AD078E4008545B9 /* ChatManager.swift in Sources */,
				E2E76B2C2ACF704B007EFBF0 /* Chat+CoreDataClass.swift in Sources */,
				E2E76B2F2ACF743B007EFBF0 /* UIViewController+Navigations.swift in Sources */,
				E2D7A0422ACF024A00F930B6 /* AppDelegate.swift in Sources */,
				E2E76B3B2ACF7659007EFBF0 /* Message+CoreDataProperties.swift in Sources */,
				E232D3F82ACF6AD2000E67C4 /* CoreDataStack.swift in Sources */,
				E2E76B2D2ACF704B007EFBF0 /* Chat+CoreDataProperties.swift in Sources */,
				E2D7A05B2ACF35A700F930B6 /* ChatMessage.swift in Sources */,
				E2E76B3A2ACF7659007EFBF0 /* Message+CoreDataClass.swift in Sources */,
				E2D7A0442ACF024A00F930B6 /* SceneDelegate.swift in Sources */,
				E2D7A0682ACF3B8900F930B6 /* UITableView.swift in Sources */,
				E295AFA02ACF4FDD003C20B1 /* SenderType.swift in Sources */,
				E2E102E62AD0740E008545B9 /* ResponseModel.swift in Sources */,
				E2D7A0622ACF35FD00F930B6 /* ChatMessageCell.swift in Sources */,
				E2D7A05D2ACF35C600F930B6 /* APIClient.swift in Sources */,
			);
			runOnlyForDeploymentPostprocessing = 0;
		};
/* End PBXSourcesBuildPhase section */

/* Begin PBXVariantGroup section */
		E2D7A0472ACF024A00F930B6 /* Main.storyboard */ = {
			isa = PBXVariantGroup;
			children = (
				E2D7A0482ACF024A00F930B6 /* Base */,
			);
			name = Main.storyboard;
			sourceTree = "<group>";
		};
		E2D7A04F2ACF024C00F930B6 /* LaunchScreen.storyboard */ = {
			isa = PBXVariantGroup;
			children = (
				E2D7A0502ACF024C00F930B6 /* Base */,
			);
			name = LaunchScreen.storyboard;
			sourceTree = "<group>";
		};
/* End PBXVariantGroup section */

/* Begin XCBuildConfiguration section */
		E2D7A0532ACF024C00F930B6 /* Debug */ = {
			isa = XCBuildConfiguration;
			buildSettings = {
				ALWAYS_SEARCH_USER_PATHS = NO;
				CLANG_ANALYZER_NONNULL = YES;
				CLANG_ANALYZER_NUMBER_OBJECT_CONVERSION = YES_AGGRESSIVE;
				CLANG_CXX_LANGUAGE_STANDARD = "gnu++20";
				CLANG_ENABLE_MODULES = YES;
				CLANG_ENABLE_OBJC_ARC = YES;
				CLANG_ENABLE_OBJC_WEAK = YES;
				CLANG_WARN_BLOCK_CAPTURE_AUTORELEASING = YES;
				CLANG_WARN_BOOL_CONVERSION = YES;
				CLANG_WARN_COMMA = YES;
				CLANG_WARN_CONSTANT_CONVERSION = YES;
				CLANG_WARN_DEPRECATED_OBJC_IMPLEMENTATIONS = YES;
				CLANG_WARN_DIRECT_OBJC_ISA_USAGE = YES_ERROR;
				CLANG_WARN_DOCUMENTATION_COMMENTS = YES;
				CLANG_WARN_EMPTY_BODY = YES;
				CLANG_WARN_ENUM_CONVERSION = YES;
				CLANG_WARN_INFINITE_RECURSION = YES;
				CLANG_WARN_INT_CONVERSION = YES;
				CLANG_WARN_NON_LITERAL_NULL_CONVERSION = YES;
				CLANG_WARN_OBJC_IMPLICIT_RETAIN_SELF = YES;
				CLANG_WARN_OBJC_LITERAL_CONVERSION = YES;
				CLANG_WARN_OBJC_ROOT_CLASS = YES_ERROR;
				CLANG_WARN_QUOTED_INCLUDE_IN_FRAMEWORK_HEADER = YES;
				CLANG_WARN_RANGE_LOOP_ANALYSIS = YES;
				CLANG_WARN_STRICT_PROTOTYPES = YES;
				CLANG_WARN_SUSPICIOUS_MOVE = YES;
				CLANG_WARN_UNGUARDED_AVAILABILITY = YES_AGGRESSIVE;
				CLANG_WARN_UNREACHABLE_CODE = YES;
				CLANG_WARN__DUPLICATE_METHOD_MATCH = YES;
				COPY_PHASE_STRIP = NO;
				DEBUG_INFORMATION_FORMAT = dwarf;
				ENABLE_STRICT_OBJC_MSGSEND = YES;
				ENABLE_TESTABILITY = YES;
				GCC_C_LANGUAGE_STANDARD = gnu11;
				GCC_DYNAMIC_NO_PIC = NO;
				GCC_NO_COMMON_BLOCKS = YES;
				GCC_OPTIMIZATION_LEVEL = 0;
				GCC_PREPROCESSOR_DEFINITIONS = (
					"DEBUG=1",
					"$(inherited)",
				);
				GCC_WARN_64_TO_32_BIT_CONVERSION = YES;
				GCC_WARN_ABOUT_RETURN_TYPE = YES_ERROR;
				GCC_WARN_UNDECLARED_SELECTOR = YES;
				GCC_WARN_UNINITIALIZED_AUTOS = YES_AGGRESSIVE;
				GCC_WARN_UNUSED_FUNCTION = YES;
				GCC_WARN_UNUSED_VARIABLE = YES;
				IPHONEOS_DEPLOYMENT_TARGET = 16.2;
				MTL_ENABLE_DEBUG_INFO = INCLUDE_SOURCE;
				MTL_FAST_MATH = YES;
				ONLY_ACTIVE_ARCH = YES;
				SDKROOT = iphoneos;
				SWIFT_ACTIVE_COMPILATION_CONDITIONS = DEBUG;
				SWIFT_OPTIMIZATION_LEVEL = "-Onone";
			};
			name = Debug;
		};
		E2D7A0542ACF024C00F930B6 /* Release */ = {
			isa = XCBuildConfiguration;
			buildSettings = {
				ALWAYS_SEARCH_USER_PATHS = NO;
				CLANG_ANALYZER_NONNULL = YES;
				CLANG_ANALYZER_NUMBER_OBJECT_CONVERSION = YES_AGGRESSIVE;
				CLANG_CXX_LANGUAGE_STANDARD = "gnu++20";
				CLANG_ENABLE_MODULES = YES;
				CLANG_ENABLE_OBJC_ARC = YES;
				CLANG_ENABLE_OBJC_WEAK = YES;
				CLANG_WARN_BLOCK_CAPTURE_AUTORELEASING = YES;
				CLANG_WARN_BOOL_CONVERSION = YES;
				CLANG_WARN_COMMA = YES;
				CLANG_WARN_CONSTANT_CONVERSION = YES;
				CLANG_WARN_DEPRECATED_OBJC_IMPLEMENTATIONS = YES;
				CLANG_WARN_DIRECT_OBJC_ISA_USAGE = YES_ERROR;
				CLANG_WARN_DOCUMENTATION_COMMENTS = YES;
				CLANG_WARN_EMPTY_BODY = YES;
				CLANG_WARN_ENUM_CONVERSION = YES;
				CLANG_WARN_INFINITE_RECURSION = YES;
				CLANG_WARN_INT_CONVERSION = YES;
				CLANG_WARN_NON_LITERAL_NULL_CONVERSION = YES;
				CLANG_WARN_OBJC_IMPLICIT_RETAIN_SELF = YES;
				CLANG_WARN_OBJC_LITERAL_CONVERSION = YES;
				CLANG_WARN_OBJC_ROOT_CLASS = YES_ERROR;
				CLANG_WARN_QUOTED_INCLUDE_IN_FRAMEWORK_HEADER = YES;
				CLANG_WARN_RANGE_LOOP_ANALYSIS = YES;
				CLANG_WARN_STRICT_PROTOTYPES = YES;
				CLANG_WARN_SUSPICIOUS_MOVE = YES;
				CLANG_WARN_UNGUARDED_AVAILABILITY = YES_AGGRESSIVE;
				CLANG_WARN_UNREACHABLE_CODE = YES;
				CLANG_WARN__DUPLICATE_METHOD_MATCH = YES;
				COPY_PHASE_STRIP = NO;
				DEBUG_INFORMATION_FORMAT = "dwarf-with-dsym";
				ENABLE_NS_ASSERTIONS = NO;
				ENABLE_STRICT_OBJC_MSGSEND = YES;
				GCC_C_LANGUAGE_STANDARD = gnu11;
				GCC_NO_COMMON_BLOCKS = YES;
				GCC_WARN_64_TO_32_BIT_CONVERSION = YES;
				GCC_WARN_ABOUT_RETURN_TYPE = YES_ERROR;
				GCC_WARN_UNDECLARED_SELECTOR = YES;
				GCC_WARN_UNINITIALIZED_AUTOS = YES_AGGRESSIVE;
				GCC_WARN_UNUSED_FUNCTION = YES;
				GCC_WARN_UNUSED_VARIABLE = YES;
				IPHONEOS_DEPLOYMENT_TARGET = 16.2;
				MTL_ENABLE_DEBUG_INFO = NO;
				MTL_FAST_MATH = YES;
				SDKROOT = iphoneos;
				SWIFT_COMPILATION_MODE = wholemodule;
				SWIFT_OPTIMIZATION_LEVEL = "-O";
				VALIDATE_PRODUCT = YES;
			};
			name = Release;
		};
		E2D7A0562ACF024C00F930B6 /* Debug */ = {
			isa = XCBuildConfiguration;
			buildSettings = {
				ASSETCATALOG_COMPILER_APPICON_NAME = AppIcon;
				ASSETCATALOG_COMPILER_GLOBAL_ACCENT_COLOR_NAME = AccentColor;
				CODE_SIGN_STYLE = Automatic;
				CURRENT_PROJECT_VERSION = 1;
				DEVELOPMENT_TEAM = W3ZMLTLN82;
				GENERATE_INFOPLIST_FILE = YES;
				INFOPLIST_FILE = chatbot/Info.plist;
				INFOPLIST_KEY_UIApplicationSupportsIndirectInputEvents = YES;
				INFOPLIST_KEY_UILaunchStoryboardName = LaunchScreen;
				INFOPLIST_KEY_UIMainStoryboardFile = Main;
				INFOPLIST_KEY_UISupportedInterfaceOrientations_iPad = "UIInterfaceOrientationPortrait UIInterfaceOrientationPortraitUpsideDown UIInterfaceOrientationLandscapeLeft UIInterfaceOrientationLandscapeRight";
				INFOPLIST_KEY_UISupportedInterfaceOrientations_iPhone = "UIInterfaceOrientationPortrait UIInterfaceOrientationLandscapeLeft UIInterfaceOrientationLandscapeRight";
				LD_RUNPATH_SEARCH_PATHS = (
					"$(inherited)",
					"@executable_path/Frameworks",
				);
				MARKETING_VERSION = 1.0;
				PRODUCT_BUNDLE_IDENTIFIER = com.saltware.chatbot;
				PRODUCT_NAME = "$(TARGET_NAME)";
				SWIFT_EMIT_LOC_STRINGS = YES;
				SWIFT_VERSION = 5.0;
				TARGETED_DEVICE_FAMILY = "1,2";
			};
			name = Debug;
		};
		E2D7A0572ACF024C00F930B6 /* Release */ = {
			isa = XCBuildConfiguration;
			buildSettings = {
				ASSETCATALOG_COMPILER_APPICON_NAME = AppIcon;
				ASSETCATALOG_COMPILER_GLOBAL_ACCENT_COLOR_NAME = AccentColor;
				CODE_SIGN_STYLE = Automatic;
				CURRENT_PROJECT_VERSION = 1;
				DEVELOPMENT_TEAM = W3ZMLTLN82;
				GENERATE_INFOPLIST_FILE = YES;
				INFOPLIST_FILE = chatbot/Info.plist;
				INFOPLIST_KEY_UIApplicationSupportsIndirectInputEvents = YES;
				INFOPLIST_KEY_UILaunchStoryboardName = LaunchScreen;
				INFOPLIST_KEY_UIMainStoryboardFile = Main;
				INFOPLIST_KEY_UISupportedInterfaceOrientations_iPad = "UIInterfaceOrientationPortrait UIInterfaceOrientationPortraitUpsideDown UIInterfaceOrientationLandscapeLeft UIInterfaceOrientationLandscapeRight";
				INFOPLIST_KEY_UISupportedInterfaceOrientations_iPhone = "UIInterfaceOrientationPortrait UIInterfaceOrientationLandscapeLeft UIInterfaceOrientationLandscapeRight";
				LD_RUNPATH_SEARCH_PATHS = (
					"$(inherited)",
					"@executable_path/Frameworks",
				);
				MARKETING_VERSION = 1.0;
				PRODUCT_BUNDLE_IDENTIFIER = com.saltware.chatbot;
				PRODUCT_NAME = "$(TARGET_NAME)";
				SWIFT_EMIT_LOC_STRINGS = YES;
				SWIFT_VERSION = 5.0;
				TARGETED_DEVICE_FAMILY = "1,2";
			};
			name = Release;
		};
/* End XCBuildConfiguration section */

/* Begin XCConfigurationList section */
		E2D7A0392ACF024A00F930B6 /* Build configuration list for PBXProject "chatbot" */ = {
			isa = XCConfigurationList;
			buildConfigurations = (
				E2D7A0532ACF024C00F930B6 /* Debug */,
				E2D7A0542ACF024C00F930B6 /* Release */,
			);
			defaultConfigurationIsVisible = 0;
			defaultConfigurationName = Release;
		};
		E2D7A0552ACF024C00F930B6 /* Build configuration list for PBXNativeTarget "chatbot" */ = {
			isa = XCConfigurationList;
			buildConfigurations = (
				E2D7A0562ACF024C00F930B6 /* Debug */,
				E2D7A0572ACF024C00F930B6 /* Release */,
			);
			defaultConfigurationIsVisible = 0;
			defaultConfigurationName = Release;
		};
/* End XCConfigurationList section */

/* Begin XCRemoteSwiftPackageReference section */
		E232D3DE2ACF5CB0000E67C4 /* XCRemoteSwiftPackageReference "Alamofire" */ = {
			isa = XCRemoteSwiftPackageReference;
			repositoryURL = "https://github.com/Alamofire/Alamofire.git";
			requirement = {
				branch = master;
				kind = branch;
			};
		};
		E2E102E02AD07028008545B9 /* XCRemoteSwiftPackageReference "DotEnv" */ = {
			isa = XCRemoteSwiftPackageReference;
			repositoryURL = "https://github.com/swiftpackages/DotEnv.git";
			requirement = {
				branch = main;
				kind = branch;
			};
		};
/* End XCRemoteSwiftPackageReference section */

/* Begin XCSwiftPackageProductDependency section */
		E232D3DF2ACF5CB0000E67C4 /* Alamofire */ = {
			isa = XCSwiftPackageProductDependency;
			package = E232D3DE2ACF5CB0000E67C4 /* XCRemoteSwiftPackageReference "Alamofire" */;
			productName = Alamofire;
		};
		E2E102E12AD07028008545B9 /* DotEnv */ = {
			isa = XCSwiftPackageProductDependency;
			package = E2E102E02AD07028008545B9 /* XCRemoteSwiftPackageReference "DotEnv" */;
			productName = DotEnv;
		};
/* End XCSwiftPackageProductDependency section */

/* Begin XCVersionGroup section */
		E2D7A04A2ACF024A00F930B6 /* chatbot.xcdatamodeld */ = {
			isa = XCVersionGroup;
			children = (
				E2D7A04B2ACF024A00F930B6 /* chatbot.xcdatamodel */,
			);
			currentVersion = E2D7A04B2ACF024A00F930B6 /* chatbot.xcdatamodel */;
			path = chatbot.xcdatamodeld;
			sourceTree = "<group>";
			versionGroupType = wrapper.xcdatamodel;
		};
/* End XCVersionGroup section */
	};
	rootObject = E2D7A0362ACF024A00F930B6 /* Project object */;
}
